
Microsoft Visual Studio Solution File, Format Version 12.00
# Visual Studio Version 17
VisualStudioVersion = 17.7.34031.279
MinimumVisualStudioVersion = 10.0.40219.1
Project("{9A19103F-16F7-4668-BE54-9A1E7A4F7556}") = "Application", "src\Application\Application.csproj", "{C5F81D99-1573-46AC-86E6-EA54A4E105F7}"
EndProject
Project("{9A19103F-16F7-4668-BE54-9A1E7A4F7556}") = "Infrastructure", "src\Infrastructure\Infrastructure.csproj", "{7CF8CF0E-B7ED-4A69-92DD-8EADD386F672}"
EndProject
Project("{2150E333-8FDC-42A3-9474-1A3956D46DE8}") = "Solution Items", "Solution Items", "{64D89794-643B-46D4-88A9-EE13BFD8AD39}"
	ProjectSection(SolutionItems) = preProject
		.editorconfig = .editorconfig
	EndProjectSection
EndProject
Project("{9A19103F-16F7-4668-BE54-9A1E7A4F7556}") = "WebAPI", "src\WebAPI\WebAPI.csproj", "{CAB53465-BA8A-4C24-AD50-F90813A29508}"
EndProject
Project("{FAE04EC0-301F-11D3-BF4B-00C04F79EFBC}") = "WebUI.Identity", "src\WebUI.Identity\WebUI.Identity.csproj", "{10FA776D-9C4E-4E9F-9A98-52556CDCDB90}"
EndProject
Global
	GlobalSection(SolutionConfigurationPlatforms) = preSolution
		Debug|Any CPU = Debug|Any CPU
		Release|Any CPU = Release|Any CPU
	EndGlobalSection
	GlobalSection(ProjectConfigurationPlatforms) = postSolution
		{C5F81D99-1573-46AC-86E6-EA54A4E105F7}.Debug|Any CPU.ActiveCfg = Debug|Any CPU
		{C5F81D99-1573-46AC-86E6-EA54A4E105F7}.Debug|Any CPU.Build.0 = Debug|Any CPU
		{C5F81D99-1573-46AC-86E6-EA54A4E105F7}.Release|Any CPU.ActiveCfg = Release|Any CPU
		{C5F81D99-1573-46AC-86E6-EA54A4E105F7}.Release|Any CPU.Build.0 = Release|Any CPU
		{7CF8CF0E-B7ED-4A69-92DD-8EADD386F672}.Debug|Any CPU.ActiveCfg = Debug|Any CPU
		{7CF8CF0E-B7ED-4A69-92DD-8EADD386F672}.Debug|Any CPU.Build.0 = Debug|Any CPU
		{7CF8CF0E-B7ED-4A69-92DD-8EADD386F672}.Release|Any CPU.ActiveCfg = Release|Any CPU
		{7CF8CF0E-B7ED-4A69-92DD-8EADD386F672}.Release|Any CPU.Build.0 = Release|Any CPU
		{CAB53465-BA8A-4C24-AD50-F90813A29508}.Debug|Any CPU.ActiveCfg = Debug|Any CPU
		{CAB53465-BA8A-4C24-AD50-F90813A29508}.Debug|Any CPU.Build.0 = Debug|Any CPU
		{CAB53465-BA8A-4C24-AD50-F90813A29508}.Release|Any CPU.ActiveCfg = Release|Any CPU
		{CAB53465-BA8A-4C24-AD50-F90813A29508}.Release|Any CPU.Build.0 = Release|Any CPU
		{10FA776D-9C4E-4E9F-9A98-52556CDCDB90}.Debug|Any CPU.ActiveCfg = Debug|Any CPU
		{10FA776D-9C4E-4E9F-9A98-52556CDCDB90}.Debug|Any CPU.Build.0 = Debug|Any CPU
		{10FA776D-9C4E-4E9F-9A98-52556CDCDB90}.Release|Any CPU.ActiveCfg = Release|Any CPU
		{10FA776D-9C4E-4E9F-9A98-52556CDCDB90}.Release|Any CPU.Build.0 = Release|Any CPU
	EndGlobalSection
	GlobalSection(SolutionProperties) = preSolution
		HideSolutionNode = FALSE
	EndGlobalSection
	GlobalSection(ExtensibilityGlobals) = postSolution
		SolutionGuid = {287FCC55-8B80-4737-A2E0-4D5F3A0390B7}
	EndGlobalSection
EndGlobal
