
Microsoft Visual Studio Solution File, Format Version 12.00
# Visual Studio Version 17
VisualStudioVersion = 17.7.34031.279
MinimumVisualStudioVersion = 10.0.40219.1
Project("{9A19103F-16F7-4668-BE54-9A1E7A4F7556}") = "Application", "src\Application\Application.csproj", "{C5F81D99-1573-46AC-86E6-EA54A4E105F7}"
EndProject
Project("{9A19103F-16F7-4668-BE54-9A1E7A4F7556}") = "Infrastructure", "src\Infrastructure\Infrastructure.csproj", "{7CF8CF0E-B7ED-4A69-92DD-8EADD386F672}"
EndProject
Project("{2150E333-8FDC-42A3-9474-1A3956D46DE8}") = "Solution Items", "Solution Items", "{64D89794-643B-46D4-88A9-EE13BFD8AD39}"
	ProjectSection(SolutionItems) = preProject
		.editorconfig = .editorconfig
	EndProjectSection
EndProject
Project("{9A19103F-16F7-4668-BE54-9A1E7A4F7556}") = "WebAPI", "src\WebAPI\WebAPI.csproj", "{CAB53465-BA8A-4C24-AD50-F90813A29508}"
EndProject
Project("{9A19103F-16F7-4668-BE54-9A1E7A4F7556}") = "WebUI.Identity", "src\WebUI.Identity\WebUI.Identity.csproj", "{10FA776D-9C4E-4E9F-9A98-52556CDCDB90}"
EndProject
Project("{2150E333-8FDC-42A3-9474-1A3956D46DE8}") = "test", "test", "{3C099BFE-5E70-4FA9-8DFC-4AC1D3C4F0EC}"
EndProject
Project("{9A19103F-16F7-4668-BE54-9A1E7A4F7556}") = "Application.UnitTests", "test\Application.UnitTests\Application.UnitTests.csproj", "{3937FDDB-A315-494E-BB4B-E6AB5F68E62A}"
EndProject
Project("{9A19103F-16F7-4668-BE54-9A1E7A4F7556}") = "Infrastructure.IntegrationTests", "test\Infrastructure.IntegrationTests\Infrastructure.IntegrationTests.csproj", "{B22E95AA-D376-43EB-8139-9B9538C3563C}"
EndProject
Project("{E53339B2-1760-4266-BCC7-CA923CBCF16C}") = "docker-compose", "docker-compose.dcproj", "{0FC5C75A-DE66-46F4-942F-587B76DD77CA}"
EndProject
Project("{9A19103F-16F7-4668-BE54-9A1E7A4F7556}") = "Domain", "src\Domain\Domain.csproj", "{98B3A5C1-B08A-4BFC-9299-695A40CDE9AA}"
EndProject
Project("{2150E333-8FDC-42A3-9474-1A3956D46DE8}") = "Cex", "Cex", "{125BB6F4-183C-4B2C-AC00-E2A96472C38D}"
EndProject
Project("{9A19103F-16F7-4668-BE54-9A1E7A4F7556}") = "Cex.Application", "src\Cex\Cex.Application\Cex.Application.csproj", "{2F246125-6998-464A-9E02-501651E2C57A}"
EndProject
Project("{9A19103F-16F7-4668-BE54-9A1E7A4F7556}") = "Cex.Domain", "src\Cex\Cex.Domain\Cex.Domain.csproj", "{E9669DD4-0414-4BBE-BB24-F5C35348E301}"
EndProject
Project("{9A19103F-16F7-4668-BE54-9A1E7A4F7556}") = "Cex.Infrastructure", "src\Cex\Cex.Infrastructure\Cex.Infrastructure.csproj", "{12B587EE-38DC-41C2-B617-B3E44EB2BD18}"
EndProject
Project("{2150E333-8FDC-42A3-9474-1A3956D46DE8}") = "Libs", "Libs", "{E494EBDE-A657-463A-8B71-71C4977991C4}"
EndProject
Project("{FAE04EC0-301F-11D3-BF4B-00C04F79EFBC}") = "Lib.Application", "src\Libs\Lib.Application\Lib.Application.csproj", "{3CCB4CCE-0CC2-41FB-993D-55C3CD177E62}"
EndProject
Global
	GlobalSection(SolutionConfigurationPlatforms) = preSolution
		Debug|Any CPU = Debug|Any CPU
		Release|Any CPU = Release|Any CPU
	EndGlobalSection
	GlobalSection(ProjectConfigurationPlatforms) = postSolution
		{C5F81D99-1573-46AC-86E6-EA54A4E105F7}.Debug|Any CPU.ActiveCfg = Debug|Any CPU
		{C5F81D99-1573-46AC-86E6-EA54A4E105F7}.Debug|Any CPU.Build.0 = Debug|Any CPU
		{C5F81D99-1573-46AC-86E6-EA54A4E105F7}.Release|Any CPU.ActiveCfg = Release|Any CPU
		{C5F81D99-1573-46AC-86E6-EA54A4E105F7}.Release|Any CPU.Build.0 = Release|Any CPU
		{7CF8CF0E-B7ED-4A69-92DD-8EADD386F672}.Debug|Any CPU.ActiveCfg = Debug|Any CPU
		{7CF8CF0E-B7ED-4A69-92DD-8EADD386F672}.Debug|Any CPU.Build.0 = Debug|Any CPU
		{7CF8CF0E-B7ED-4A69-92DD-8EADD386F672}.Release|Any CPU.ActiveCfg = Release|Any CPU
		{7CF8CF0E-B7ED-4A69-92DD-8EADD386F672}.Release|Any CPU.Build.0 = Release|Any CPU
		{CAB53465-BA8A-4C24-AD50-F90813A29508}.Debug|Any CPU.ActiveCfg = Debug|Any CPU
		{CAB53465-BA8A-4C24-AD50-F90813A29508}.Debug|Any CPU.Build.0 = Debug|Any CPU
		{CAB53465-BA8A-4C24-AD50-F90813A29508}.Release|Any CPU.ActiveCfg = Release|Any CPU
		{CAB53465-BA8A-4C24-AD50-F90813A29508}.Release|Any CPU.Build.0 = Release|Any CPU
		{10FA776D-9C4E-4E9F-9A98-52556CDCDB90}.Debug|Any CPU.ActiveCfg = Debug|Any CPU
		{10FA776D-9C4E-4E9F-9A98-52556CDCDB90}.Debug|Any CPU.Build.0 = Debug|Any CPU
		{10FA776D-9C4E-4E9F-9A98-52556CDCDB90}.Release|Any CPU.ActiveCfg = Release|Any CPU
		{10FA776D-9C4E-4E9F-9A98-52556CDCDB90}.Release|Any CPU.Build.0 = Release|Any CPU
		{3937FDDB-A315-494E-BB4B-E6AB5F68E62A}.Debug|Any CPU.ActiveCfg = Debug|Any CPU
		{3937FDDB-A315-494E-BB4B-E6AB5F68E62A}.Debug|Any CPU.Build.0 = Debug|Any CPU
		{3937FDDB-A315-494E-BB4B-E6AB5F68E62A}.Release|Any CPU.ActiveCfg = Release|Any CPU
		{3937FDDB-A315-494E-BB4B-E6AB5F68E62A}.Release|Any CPU.Build.0 = Release|Any CPU
		{B22E95AA-D376-43EB-8139-9B9538C3563C}.Debug|Any CPU.ActiveCfg = Debug|Any CPU
		{B22E95AA-D376-43EB-8139-9B9538C3563C}.Debug|Any CPU.Build.0 = Debug|Any CPU
		{B22E95AA-D376-43EB-8139-9B9538C3563C}.Release|Any CPU.ActiveCfg = Release|Any CPU
		{B22E95AA-D376-43EB-8139-9B9538C3563C}.Release|Any CPU.Build.0 = Release|Any CPU
		{0FC5C75A-DE66-46F4-942F-587B76DD77CA}.Debug|Any CPU.ActiveCfg = Debug|Any CPU
		{0FC5C75A-DE66-46F4-942F-587B76DD77CA}.Debug|Any CPU.Build.0 = Debug|Any CPU
		{0FC5C75A-DE66-46F4-942F-587B76DD77CA}.Release|Any CPU.ActiveCfg = Release|Any CPU
		{0FC5C75A-DE66-46F4-942F-587B76DD77CA}.Release|Any CPU.Build.0 = Release|Any CPU
		{98B3A5C1-B08A-4BFC-9299-695A40CDE9AA}.Debug|Any CPU.ActiveCfg = Debug|Any CPU
		{98B3A5C1-B08A-4BFC-9299-695A40CDE9AA}.Debug|Any CPU.Build.0 = Debug|Any CPU
		{98B3A5C1-B08A-4BFC-9299-695A40CDE9AA}.Release|Any CPU.ActiveCfg = Release|Any CPU
		{98B3A5C1-B08A-4BFC-9299-695A40CDE9AA}.Release|Any CPU.Build.0 = Release|Any CPU
		{2F246125-6998-464A-9E02-501651E2C57A}.Debug|Any CPU.ActiveCfg = Debug|Any CPU
		{2F246125-6998-464A-9E02-501651E2C57A}.Debug|Any CPU.Build.0 = Debug|Any CPU
		{2F246125-6998-464A-9E02-501651E2C57A}.Release|Any CPU.ActiveCfg = Release|Any CPU
		{2F246125-6998-464A-9E02-501651E2C57A}.Release|Any CPU.Build.0 = Release|Any CPU
		{E9669DD4-0414-4BBE-BB24-F5C35348E301}.Debug|Any CPU.ActiveCfg = Debug|Any CPU
		{E9669DD4-0414-4BBE-BB24-F5C35348E301}.Debug|Any CPU.Build.0 = Debug|Any CPU
		{E9669DD4-0414-4BBE-BB24-F5C35348E301}.Release|Any CPU.ActiveCfg = Release|Any CPU
		{E9669DD4-0414-4BBE-BB24-F5C35348E301}.Release|Any CPU.Build.0 = Release|Any CPU
		{12B587EE-38DC-41C2-B617-B3E44EB2BD18}.Debug|Any CPU.ActiveCfg = Debug|Any CPU
		{12B587EE-38DC-41C2-B617-B3E44EB2BD18}.Debug|Any CPU.Build.0 = Debug|Any CPU
		{12B587EE-38DC-41C2-B617-B3E44EB2BD18}.Release|Any CPU.ActiveCfg = Release|Any CPU
		{12B587EE-38DC-41C2-B617-B3E44EB2BD18}.Release|Any CPU.Build.0 = Release|Any CPU
		{3CCB4CCE-0CC2-41FB-993D-55C3CD177E62}.Debug|Any CPU.ActiveCfg = Debug|Any CPU
		{3CCB4CCE-0CC2-41FB-993D-55C3CD177E62}.Debug|Any CPU.Build.0 = Debug|Any CPU
		{3CCB4CCE-0CC2-41FB-993D-55C3CD177E62}.Release|Any CPU.ActiveCfg = Release|Any CPU
		{3CCB4CCE-0CC2-41FB-993D-55C3CD177E62}.Release|Any CPU.Build.0 = Release|Any CPU
	EndGlobalSection
	GlobalSection(SolutionProperties) = preSolution
		HideSolutionNode = FALSE
	EndGlobalSection
	GlobalSection(NestedProjects) = preSolution
		{3937FDDB-A315-494E-BB4B-E6AB5F68E62A} = {3C099BFE-5E70-4FA9-8DFC-4AC1D3C4F0EC}
		{B22E95AA-D376-43EB-8139-9B9538C3563C} = {3C099BFE-5E70-4FA9-8DFC-4AC1D3C4F0EC}
		{2F246125-6998-464A-9E02-501651E2C57A} = {125BB6F4-183C-4B2C-AC00-E2A96472C38D}
		{E9669DD4-0414-4BBE-BB24-F5C35348E301} = {125BB6F4-183C-4B2C-AC00-E2A96472C38D}
		{12B587EE-38DC-41C2-B617-B3E44EB2BD18} = {125BB6F4-183C-4B2C-AC00-E2A96472C38D}
		{3CCB4CCE-0CC2-41FB-993D-55C3CD177E62} = {E494EBDE-A657-463A-8B71-71C4977991C4}
	EndGlobalSection
	GlobalSection(ExtensibilityGlobals) = postSolution
		SolutionGuid = {287FCC55-8B80-4737-A2E0-4D5F3A0390B7}
	EndGlobalSection
EndGlobal
